
Microsoft Visual Studio Solution File, Format Version 12.00
# Visual Studio 15
VisualStudioVersion = 15.0.27004.2006
MinimumVisualStudioVersion = 10.0.40219.1
Project("{FAE04EC0-301F-11D3-BF4B-00C04F79EFBC}") = "ColourMatch", "ColourMatch\ColourMatch.csproj", "{7023793A-A968-4F2C-98D2-79C20504057B}"
EndProject
Global
	GlobalSection(SolutionConfigurationPlatforms) = preSolution
		Debug|Any CPU = Debug|Any CPU
		Release|Any CPU = Release|Any CPU
	EndGlobalSection
	GlobalSection(ProjectConfigurationPlatforms) = postSolution
		{7023793A-A968-4F2C-98D2-79C20504057B}.Debug|Any CPU.ActiveCfg = Debug|Any CPU
		{7023793A-A968-4F2C-98D2-79C20504057B}.Debug|Any CPU.Build.0 = Debug|Any CPU
		{7023793A-A968-4F2C-98D2-79C20504057B}.Release|Any CPU.ActiveCfg = Release|Any CPU
		{7023793A-A968-4F2C-98D2-79C20504057B}.Release|Any CPU.Build.0 = Release|Any CPU
	EndGlobalSection
	GlobalSection(SolutionProperties) = preSolution
		HideSolutionNode = FALSE
	EndGlobalSection
	GlobalSection(ExtensibilityGlobals) = postSolution
		SolutionGuid = {79839A0C-2856-4422-AA4B-F82407D8D624}
	EndGlobalSection
EndGlobal
